
Microsoft Visual Studio Solution File, Format Version 12.00
# Visual Studio Version 16
VisualStudioVersion = 16.0.31321.278
MinimumVisualStudioVersion = 10.0.40219.1
Project("{9A19103F-16F7-4668-BE54-9A1E7A4F7556}") = "Api", "Api\Api.csproj", "{D64F8D3C-BA1A-4F4C-9A3C-815C4ADADFA5}"
EndProject
Project("{FAE04EC0-301F-11D3-BF4B-00C04F79EFBC}") = "AzureSWA.GraphQL.Client", "AzureSWA.GraphQL.Client\AzureSWA.GraphQL.Client.csproj", "{03A3F0CA-B450-40F1-BDF2-51B454CD6F4B}"
EndProject
Global
	GlobalSection(SolutionConfigurationPlatforms) = preSolution
		Debug|Any CPU = Debug|Any CPU
		Release|Any CPU = Release|Any CPU
	EndGlobalSection
	GlobalSection(ProjectConfigurationPlatforms) = postSolution
		{D64F8D3C-BA1A-4F4C-9A3C-815C4ADADFA5}.Debug|Any CPU.ActiveCfg = Debug|Any CPU
		{D64F8D3C-BA1A-4F4C-9A3C-815C4ADADFA5}.Debug|Any CPU.Build.0 = Debug|Any CPU
		{D64F8D3C-BA1A-4F4C-9A3C-815C4ADADFA5}.Release|Any CPU.ActiveCfg = Release|Any CPU
		{D64F8D3C-BA1A-4F4C-9A3C-815C4ADADFA5}.Release|Any CPU.Build.0 = Release|Any CPU
		{03A3F0CA-B450-40F1-BDF2-51B454CD6F4B}.Debug|Any CPU.ActiveCfg = Debug|Any CPU
		{03A3F0CA-B450-40F1-BDF2-51B454CD6F4B}.Debug|Any CPU.Build.0 = Debug|Any CPU
		{03A3F0CA-B450-40F1-BDF2-51B454CD6F4B}.Release|Any CPU.ActiveCfg = Release|Any CPU
		{03A3F0CA-B450-40F1-BDF2-51B454CD6F4B}.Release|Any CPU.Build.0 = Release|Any CPU
	EndGlobalSection
	GlobalSection(SolutionProperties) = preSolution
		HideSolutionNode = FALSE
	EndGlobalSection
	GlobalSection(ExtensibilityGlobals) = postSolution
		SolutionGuid = {D886627D-295E-44AD-A9CE-FE047EC5B6A4}
	EndGlobalSection
EndGlobal
